
Microsoft Visual Studio Solution File, Format Version 12.00
# Visual Studio 2012
Project("{FAE04EC0-301F-11D3-BF4B-00C04F79EFBC}") = "RavenDemo", "RavenDemo\RavenDemo.csproj", "{62FE57ED-41AF-43C0-9023-039712A2368E}"
EndProject
Project("{FAE04EC0-301F-11D3-BF4B-00C04F79EFBC}") = "RavenDemo.Tests", "RavenDemo.Tests\RavenDemo.Tests.csproj", "{B892E282-AE06-4E2F-8EA5-60B37EE4810A}"
EndProject
Global
	GlobalSection(SolutionConfigurationPlatforms) = preSolution
		Debug|Any CPU = Debug|Any CPU
		Release|Any CPU = Release|Any CPU
	EndGlobalSection
	GlobalSection(ProjectConfigurationPlatforms) = postSolution
		{62FE57ED-41AF-43C0-9023-039712A2368E}.Debug|Any CPU.ActiveCfg = Debug|Any CPU
		{62FE57ED-41AF-43C0-9023-039712A2368E}.Debug|Any CPU.Build.0 = Debug|Any CPU
		{62FE57ED-41AF-43C0-9023-039712A2368E}.Release|Any CPU.ActiveCfg = Release|Any CPU
		{62FE57ED-41AF-43C0-9023-039712A2368E}.Release|Any CPU.Build.0 = Release|Any CPU
		{B892E282-AE06-4E2F-8EA5-60B37EE4810A}.Debug|Any CPU.ActiveCfg = Debug|Any CPU
		{B892E282-AE06-4E2F-8EA5-60B37EE4810A}.Debug|Any CPU.Build.0 = Debug|Any CPU
		{B892E282-AE06-4E2F-8EA5-60B37EE4810A}.Release|Any CPU.ActiveCfg = Release|Any CPU
		{B892E282-AE06-4E2F-8EA5-60B37EE4810A}.Release|Any CPU.Build.0 = Release|Any CPU
	EndGlobalSection
	GlobalSection(SolutionProperties) = preSolution
		HideSolutionNode = FALSE
	EndGlobalSection
EndGlobal
